
Microsoft Visual Studio Solution File, Format Version 12.00
# Visual Studio 2012
Project("{FAE04EC0-301F-11D3-BF4B-00C04F79EFBC}") = "Watermark", "Watermark\Watermark.csproj", "{9488198D-1E75-40A0-AC8A-D49D85280622}"
EndProject
Global
	GlobalSection(SolutionConfigurationPlatforms) = preSolution
		Debug|Any CPU = Debug|Any CPU
		Release|Any CPU = Release|Any CPU
	EndGlobalSection
	GlobalSection(ProjectConfigurationPlatforms) = postSolution
		{9488198D-1E75-40A0-AC8A-D49D85280622}.Debug|Any CPU.ActiveCfg = Debug|Any CPU
		{9488198D-1E75-40A0-AC8A-D49D85280622}.Debug|Any CPU.Build.0 = Debug|Any CPU
		{9488198D-1E75-40A0-AC8A-D49D85280622}.Release|Any CPU.ActiveCfg = Release|Any CPU
		{9488198D-1E75-40A0-AC8A-D49D85280622}.Release|Any CPU.Build.0 = Release|Any CPU
	EndGlobalSection
	GlobalSection(SolutionProperties) = preSolution
		HideSolutionNode = FALSE
	EndGlobalSection
EndGlobal
